// !$*UTF8*$!
{
	archiveVersion = 1;
	classes = {
	};
	objectVersion = 46;
	objects = {

/* Begin PBXBuildFile section */
		D584EFE31A851876005D78A2 /* ActualTests.m in Sources */ = {isa = PBXBuildFile; fileRef = D584EFE21A851876005D78A2 /* ActualTests.m */; };
/* End PBXBuildFile section */

/* Begin PBXFileReference section */
		D584EFCA1A850DB3005D78A2 /* TestOnlyProjectTests.xctest */ = {isa = PBXFileReference; explicitFileType = wrapper.cfbundle; includeInIndex = 0; path = TestOnlyProjectTests.xctest; sourceTree = BUILT_PRODUCTS_DIR; };
		D584EFDE1A851875005D78A2 /* ActualTests.xctest */ = {isa = PBXFileReference; explicitFileType = wrapper.cfbundle; includeInIndex = 0; path = ActualTests.xctest; sourceTree = BUILT_PRODUCTS_DIR; };
		D584EFE11A851876005D78A2 /* Info.plist */ = {isa = PBXFileReference; lastKnownFileType = text.plist.xml; path = Info.plist; sourceTree = "<group>"; };
		D584EFE21A851876005D78A2 /* ActualTests.m */ = {isa = PBXFileReference; lastKnownFileType = sourcecode.c.objc; path = ActualTests.m; sourceTree = "<group>"; };
/* End PBXFileReference section */

/* Begin PBXFrameworksBuildPhase section */
		D584EFC71A850DB3005D78A2 /* Frameworks */ = {
			isa = PBXFrameworksBuildPhase;
			buildActionMask = 2147483647;
			files = (
			);
			runOnlyForDeploymentPostprocessing = 0;
		};
		D584EFDB1A851875005D78A2 /* Frameworks */ = {
			isa = PBXFrameworksBuildPhase;
			buildActionMask = 2147483647;
			files = (
			);
			runOnlyForDeploymentPostprocessing = 0;
		};
/* End PBXFrameworksBuildPhase section */

/* Begin PBXGroup section */
		D584EFA81A850DB2005D78A2 = {
			isa = PBXGroup;
			children = (
				D584EFDF1A851876005D78A2 /* ActualTests */,
				D584EFB21A850DB2005D78A2 /* Products */,
			);
			sourceTree = "<group>";
		};
		D584EFB21A850DB2005D78A2 /* Products */ = {
			isa = PBXGroup;
			children = (
				D584EFCA1A850DB3005D78A2 /* TestOnlyProjectTests.xctest */,
				D584EFDE1A851875005D78A2 /* ActualTests.xctest */,
			);
			name = Products;
			sourceTree = "<group>";
		};
		D584EFDF1A851876005D78A2 /* ActualTests */ = {
			isa = PBXGroup;
			children = (
				D584EFE21A851876005D78A2 /* ActualTests.m */,
				D584EFE01A851876005D78A2 /* Supporting Files */,
			);
			path = ActualTests;
			sourceTree = "<group>";
		};
		D584EFE01A851876005D78A2 /* Supporting Files */ = {
			isa = PBXGroup;
			children = (
				D584EFE11A851876005D78A2 /* Info.plist */,
			);
			name = "Supporting Files";
			sourceTree = "<group>";
		};
/* End PBXGroup section */

/* Begin PBXNativeTarget section */
		D584EFC91A850DB3005D78A2 /* TestOnlyProjectTests */ = {
			isa = PBXNativeTarget;
			buildConfigurationList = D584EFD71A850DB3005D78A2 /* Build configuration list for PBXNativeTarget "TestOnlyProjectTests" */;
			buildPhases = (
				D584EFC61A850DB3005D78A2 /* Sources */,
				D584EFC71A850DB3005D78A2 /* Frameworks */,
				D584EFC81A850DB3005D78A2 /* Resources */,
			);
			buildRules = (
			);
			dependencies = (
			);
			name = TestOnlyProjectTests;
			productName = TestOnlyProjectTests;
			productReference = D584EFCA1A850DB3005D78A2 /* TestOnlyProjectTests.xctest */;
			productType = "com.apple.product-type.bundle.unit-test";
		};
		D584EFDD1A851875005D78A2 /* ActualTests */ = {
			isa = PBXNativeTarget;
			buildConfigurationList = D584EFE41A851876005D78A2 /* Build configuration list for PBXNativeTarget "ActualTests" */;
			buildPhases = (
				D584EFDA1A851875005D78A2 /* Sources */,
				D584EFDB1A851875005D78A2 /* Frameworks */,
				D584EFDC1A851875005D78A2 /* Resources */,
			);
			buildRules = (
			);
			dependencies = (
			);
			name = ActualTests;
			productName = ActualTests;
			productReference = D584EFDE1A851875005D78A2 /* ActualTests.xctest */;
			productType = "com.apple.product-type.bundle.unit-test";
		};
/* End PBXNativeTarget section */

/* Begin PBXProject section */
		D584EFA91A850DB2005D78A2 /* Project object */ = {
			isa = PBXProject;
			attributes = {
				LastUpgradeCheck = 0620;
				ORGANIZATIONNAME = "Crespo, Aaron";
				TargetAttributes = {
					D584EFC91A850DB3005D78A2 = {
						CreatedOnToolsVersion = 6.2;
					};
					D584EFDD1A851875005D78A2 = {
						CreatedOnToolsVersion = 6.2;
					};
				};
			};
			buildConfigurationList = D584EFAC1A850DB2005D78A2 /* Build configuration list for PBXProject "TestOnlyProject" */;
			compatibilityVersion = "Xcode 3.2";
			developmentRegion = English;
			hasScannedForEncodings = 0;
			knownRegions = (
				en,
				Base,
			);
			mainGroup = D584EFA81A850DB2005D78A2;
			productRefGroup = D584EFB21A850DB2005D78A2 /* Products */;
			projectDirPath = "";
			projectRoot = "";
			targets = (
				D584EFC91A850DB3005D78A2 /* TestOnlyProjectTests */,
				D584EFDD1A851875005D78A2 /* ActualTests */,
			);
		};
/* End PBXProject section */

/* Begin PBXResourcesBuildPhase section */
		D584EFC81A850DB3005D78A2 /* Resources */ = {
			isa = PBXResourcesBuildPhase;
			buildActionMask = 2147483647;
			files = (
			);
			runOnlyForDeploymentPostprocessing = 0;
		};
		D584EFDC1A851875005D78A2 /* Resources */ = {
			isa = PBXResourcesBuildPhase;
			buildActionMask = 2147483647;
			files = (
			);
			runOnlyForDeploymentPostprocessing = 0;
		};
/* End PBXResourcesBuildPhase section */

/* Begin PBXSourcesBuildPhase section */
		D584EFC61A850DB3005D78A2 /* Sources */ = {
			isa = PBXSourcesBuildPhase;
			buildActionMask = 2147483647;
			files = (
			);
			runOnlyForDeploymentPostprocessing = 0;
		};
		D584EFDA1A851875005D78A2 /* Sources */ = {
			isa = PBXSourcesBuildPhase;
			buildActionMask = 2147483647;
			files = (
				D584EFE31A851876005D78A2 /* ActualTests.m in Sources */,
			);
			runOnlyForDeploymentPostprocessing = 0;
		};
/* End PBXSourcesBuildPhase section */

/* Begin XCBuildConfiguration section */
		D584EFD21A850DB3005D78A2 /* Debug */ = {
			isa = XCBuildConfiguration;
			buildSettings = {
				ALWAYS_SEARCH_USER_PATHS = NO;
				CLANG_CXX_LANGUAGE_STANDARD = "gnu++0x";
				CLANG_CXX_LIBRARY = "libc++";
				CLANG_ENABLE_MODULES = YES;
				CLANG_ENABLE_OBJC_ARC = YES;
				CLANG_WARN_BOOL_CONVERSION = YES;
				CLANG_WARN_CONSTANT_CONVERSION = YES;
				CLANG_WARN_DIRECT_OBJC_ISA_USAGE = YES_ERROR;
				CLANG_WARN_EMPTY_BODY = YES;
				CLANG_WARN_ENUM_CONVERSION = YES;
				CLANG_WARN_INT_CONVERSION = YES;
				CLANG_WARN_OBJC_ROOT_CLASS = YES_ERROR;
				CLANG_WARN_UNREACHABLE_CODE = YES;
				CLANG_WARN__DUPLICATE_METHOD_MATCH = YES;
				"CODE_SIGN_IDENTITY[sdk=iphoneos*]" = "iPhone Developer";
				COPY_PHASE_STRIP = NO;
				ENABLE_STRICT_OBJC_MSGSEND = YES;
				GCC_C_LANGUAGE_STANDARD = gnu99;
				GCC_DYNAMIC_NO_PIC = NO;
				GCC_OPTIMIZATION_LEVEL = 0;
				GCC_PREPROCESSOR_DEFINITIONS = (
					"DEBUG=1",
					"$(inherited)",
				);
				GCC_SYMBOLS_PRIVATE_EXTERN = NO;
				GCC_WARN_64_TO_32_BIT_CONVERSION = YES;
				GCC_WARN_ABOUT_RETURN_TYPE = YES_ERROR;
				GCC_WARN_UNDECLARED_SELECTOR = YES;
				GCC_WARN_UNINITIALIZED_AUTOS = YES_AGGRESSIVE;
				GCC_WARN_UNUSED_FUNCTION = YES;
				GCC_WARN_UNUSED_VARIABLE = YES;
				IPHONEOS_DEPLOYMENT_TARGET = 8.2;
				MTL_ENABLE_DEBUG_INFO = YES;
				ONLY_ACTIVE_ARCH = YES;
				SDKROOT = iphoneos;
				TARGETED_DEVICE_FAMILY = "1,2";
			};
			name = Debug;
		};
		D584EFD31A850DB3005D78A2 /* Release */ = {
			isa = XCBuildConfiguration;
			buildSettings = {
				ALWAYS_SEARCH_USER_PATHS = NO;
				CLANG_CXX_LANGUAGE_STANDARD = "gnu++0x";
				CLANG_CXX_LIBRARY = "libc++";
				CLANG_ENABLE_MODULES = YES;
				CLANG_ENABLE_OBJC_ARC = YES;
				CLANG_WARN_BOOL_CONVERSION = YES;
				CLANG_WARN_CONSTANT_CONVERSION = YES;
				CLANG_WARN_DIRECT_OBJC_ISA_USAGE = YES_ERROR;
				CLANG_WARN_EMPTY_BODY = YES;
				CLANG_WARN_ENUM_CONVERSION = YES;
				CLANG_WARN_INT_CONVERSION = YES;
				CLANG_WARN_OBJC_ROOT_CLASS = YES_ERROR;
				CLANG_WARN_UNREACHABLE_CODE = YES;
				CLANG_WARN__DUPLICATE_METHOD_MATCH = YES;
				"CODE_SIGN_IDENTITY[sdk=iphoneos*]" = "iPhone Developer";
				COPY_PHASE_STRIP = NO;
				ENABLE_NS_ASSERTIONS = NO;
				ENABLE_STRICT_OBJC_MSGSEND = YES;
				GCC_C_LANGUAGE_STANDARD = gnu99;
				GCC_WARN_64_TO_32_BIT_CONVERSION = YES;
				GCC_WARN_ABOUT_RETURN_TYPE = YES_ERROR;
				GCC_WARN_UNDECLARED_SELECTOR = YES;
				GCC_WARN_UNINITIALIZED_AUTOS = YES_AGGRESSIVE;
				GCC_WARN_UNUSED_FUNCTION = YES;
				GCC_WARN_UNUSED_VARIABLE = YES;
				IPHONEOS_DEPLOYMENT_TARGET = 8.2;
				MTL_ENABLE_DEBUG_INFO = NO;
				SDKROOT = iphoneos;
				TARGETED_DEVICE_FAMILY = "1,2";
				VALIDATE_PRODUCT = YES;
			};
			name = Release;
		};
		D584EFD81A850DB3005D78A2 /* Debug */ = {
			isa = XCBuildConfiguration;
			buildSettings = {
				FRAMEWORK_SEARCH_PATHS = (
					"$(SDKROOT)/Developer/Library/Frameworks",
					"$(inherited)",
				);
				GCC_PREPROCESSOR_DEFINITIONS = (
					"DEBUG=1",
					"$(inherited)",
				);
				INFOPLIST_FILE = TestOnlyProjectTests/Info.plist;
				LD_RUNPATH_SEARCH_PATHS = "$(inherited) @executable_path/Frameworks @loader_path/Frameworks";
				PRODUCT_NAME = "$(TARGET_NAME)";
			};
			name = Debug;
		};
		D584EFD91A850DB3005D78A2 /* Release */ = {
			isa = XCBuildConfiguration;
			buildSettings = {
				FRAMEWORK_SEARCH_PATHS = (
					"$(SDKROOT)/Developer/Library/Frameworks",
					"$(inherited)",
				);
				INFOPLIST_FILE = TestOnlyProjectTests/Info.plist;
				LD_RUNPATH_SEARCH_PATHS = "$(inherited) @executable_path/Frameworks @loader_path/Frameworks";
				PRODUCT_NAME = "$(TARGET_NAME)";
			};
			name = Release;
		};
		D584EFE51A851876005D78A2 /* Debug */ = {
			isa = XCBuildConfiguration;
			buildSettings = {
				FRAMEWORK_SEARCH_PATHS = (
					"$(SDKROOT)/Developer/Library/Frameworks",
					"$(inherited)",
				);
				GCC_PREPROCESSOR_DEFINITIONS = (
					"DEBUG=1",
					"$(inherited)",
				);
				INFOPLIST_FILE = ActualTests/Info.plist;
				LD_RUNPATH_SEARCH_PATHS = "$(inherited) @executable_path/Frameworks @loader_path/Frameworks";
				PRODUCT_NAME = "$(TARGET_NAME)";
			};
			name = Debug;
		};
		D584EFE61A851876005D78A2 /* Release */ = {
			isa = XCBuildConfiguration;
			buildSettings = {
				FRAMEWORK_SEARCH_PATHS = (
					"$(SDKROOT)/Developer/Library/Frameworks",
					"$(inherited)",
				);
				INFOPLIST_FILE = ActualTests/Info.plist;
				LD_RUNPATH_SEARCH_PATHS = "$(inherited) @executable_path/Frameworks @loader_path/Frameworks";
				PRODUCT_NAME = "$(TARGET_NAME)";
			};
			name = Release;
		};
/* End XCBuildConfiguration section */

/* Begin XCConfigurationList section */
		D584EFAC1A850DB2005D78A2 /* Build configuration list for PBXProject "TestOnlyProject" */ = {
			isa = XCConfigurationList;
			buildConfigurations = (
				D584EFD21A850DB3005D78A2 /* Debug */,
				D584EFD31A850DB3005D78A2 /* Release */,
			);
			defaultConfigurationIsVisible = 0;
			defaultConfigurationName = Release;
		};
		D584EFD71A850DB3005D78A2 /* Build configuration list for PBXNativeTarget "TestOnlyProjectTests" */ = {
			isa = XCConfigurationList;
			buildConfigurations = (
				D584EFD81A850DB3005D78A2 /* Debug */,
				D584EFD91A850DB3005D78A2 /* Release */,
			);
			defaultConfigurationIsVisible = 0;
		};
		D584EFE41A851876005D78A2 /* Build configuration list for PBXNativeTarget "ActualTests" */ = {
			isa = XCConfigurationList;
			buildConfigurations = (
				D584EFE51A851876005D78A2 /* Debug */,
				D584EFE61A851876005D78A2 /* Release */,
			);
			defaultConfigurationIsVisible = 0;
		};
/* End XCConfigurationList section */
	};
	rootObject = D584EFA91A850DB2005D78A2 /* Project object */;
}
